
Microsoft Visual Studio Solution File, Format Version 12.00
# Visual Studio 15
VisualStudioVersion = 15.0.28307.645
MinimumVisualStudioVersion = 10.0.40219.1
Project("{8BC9CEB8-8B4A-11D0-8D11-00A0C91BC942}") = "0_HelloTriangle", "0_HelloTriangle\HelloTriangle.vcxproj", "{CEEE264F-82F8-4A16-B564-DDE802106B47}"
EndProject
Project("{8BC9CEB8-8B4A-11D0-8D11-00A0C91BC942}") = "1_HelloShader", "1_HelloShader\HelloShader.vcxproj", "{B8B0695B-29EB-41C5-8B57-EF5EE64E0811}"
EndProject
Project("{2150E333-8FDC-42A3-9474-1A3956D46DE8}") = "Solution Items", "Solution Items", "{649A2151-4171-458E-832C-2DB1F2B3C6A3}"
	ProjectSection(SolutionItems) = preProject
		.gitignore = .gitignore
		Tools\OpenGl\include\custom\camer.h = Tools\OpenGl\include\custom\camer.h
		Tools\OpenGl\include\custom\Light.h = Tools\OpenGl\include\custom\Light.h
		Tools\OpenGl\include\custom\Mesh.h = Tools\OpenGl\include\custom\Mesh.h
		Tools\OpenGl\include\custom\Model.h = Tools\OpenGl\include\custom\Model.h
		README.md = README.md
		Tools\OpenGl\include\custom\shader.h = Tools\OpenGl\include\custom\shader.h
	EndProjectSection
EndProject
Project("{8BC9CEB8-8B4A-11D0-8D11-00A0C91BC942}") = "2_Texture", "2_Texture\Texture.vcxproj", "{9E677E50-529F-40A6-B654-2A738ED54F56}"
EndProject
Project("{8BC9CEB8-8B4A-11D0-8D11-00A0C91BC942}") = "3_Transform", "3_Transform\Transform.vcxproj", "{4EB47128-DDC8-4259-B0A3-ADFB8E4BE2FC}"
EndProject
Project("{8BC9CEB8-8B4A-11D0-8D11-00A0C91BC942}") = "4_CoordinateSystem", "4_CoordinateSystem\CoordinateSystem.vcxproj", "{269EC74A-F4A1-4103-BE85-FE8E34EAE8D9}"
EndProject
Project("{8BC9CEB8-8B4A-11D0-8D11-00A0C91BC942}") = "5_Camera", "5_Camera\Camera.vcxproj", "{8A92F52D-D6AF-475E-BBF6-AEF098353D78}"
EndProject
Project("{8BC9CEB8-8B4A-11D0-8D11-00A0C91BC942}") = "6_BasicLighting", "6_BasicLighting\BasicLighting.vcxproj", "{B200736D-CF39-48EF-8C76-8E51D3E484EA}"
EndProject
Project("{8BC9CEB8-8B4A-11D0-8D11-00A0C91BC942}") = "7_Materials", "7_Materials\Materials.vcxproj", "{14A108F7-17C2-44A4-BF52-C0F90DC5BCAB}"
EndProject
Project("{8BC9CEB8-8B4A-11D0-8D11-00A0C91BC942}") = "8_LightingMap", "8_LightingMap\LightingMap.vcxproj", "{4A5EDECC-C61E-488B-B7B1-0D3F8300D547}"
EndProject
Project("{8BC9CEB8-8B4A-11D0-8D11-00A0C91BC942}") = "9_LightCasters", "9_LightCasters\LightCasters.vcxproj", "{118012CE-CDD3-4A9F-AA5F-C66A077D1721}"
EndProject
Project("{8BC9CEB8-8B4A-11D0-8D11-00A0C91BC942}") = "10_MultipleLights", "10_MultipleLights\MultipleLights.vcxproj", "{B01E7E7A-9578-495B-9EF1-44DC8975E674}"
EndProject
Project("{8BC9CEB8-8B4A-11D0-8D11-00A0C91BC942}") = "11_Model", "11_Model\Model.vcxproj", "{3FBAE6CF-0216-494E-ACD2-60F2D7DC30A9}"
EndProject
Global
	GlobalSection(SolutionConfigurationPlatforms) = preSolution
		Debug|x64 = Debug|x64
		Debug|x86 = Debug|x86
		Release|x64 = Release|x64
		Release|x86 = Release|x86
	EndGlobalSection
	GlobalSection(ProjectConfigurationPlatforms) = postSolution
		{CEEE264F-82F8-4A16-B564-DDE802106B47}.Debug|x64.ActiveCfg = Debug|Win32
		{CEEE264F-82F8-4A16-B564-DDE802106B47}.Debug|x64.Build.0 = Debug|Win32
		{CEEE264F-82F8-4A16-B564-DDE802106B47}.Debug|x86.ActiveCfg = Debug|Win32
		{CEEE264F-82F8-4A16-B564-DDE802106B47}.Debug|x86.Build.0 = Debug|Win32
		{CEEE264F-82F8-4A16-B564-DDE802106B47}.Release|x64.ActiveCfg = Release|x64
		{CEEE264F-82F8-4A16-B564-DDE802106B47}.Release|x64.Build.0 = Release|x64
		{CEEE264F-82F8-4A16-B564-DDE802106B47}.Release|x86.ActiveCfg = Release|Win32
		{CEEE264F-82F8-4A16-B564-DDE802106B47}.Release|x86.Build.0 = Release|Win32
		{B8B0695B-29EB-41C5-8B57-EF5EE64E0811}.Debug|x64.ActiveCfg = Debug|Win32
		{B8B0695B-29EB-41C5-8B57-EF5EE64E0811}.Debug|x64.Build.0 = Debug|Win32
		{B8B0695B-29EB-41C5-8B57-EF5EE64E0811}.Debug|x86.ActiveCfg = Debug|Win32
		{B8B0695B-29EB-41C5-8B57-EF5EE64E0811}.Debug|x86.Build.0 = Debug|Win32
		{B8B0695B-29EB-41C5-8B57-EF5EE64E0811}.Release|x64.ActiveCfg = Release|x64
		{B8B0695B-29EB-41C5-8B57-EF5EE64E0811}.Release|x64.Build.0 = Release|x64
		{B8B0695B-29EB-41C5-8B57-EF5EE64E0811}.Release|x86.ActiveCfg = Release|Win32
		{B8B0695B-29EB-41C5-8B57-EF5EE64E0811}.Release|x86.Build.0 = Release|Win32
		{9E677E50-529F-40A6-B654-2A738ED54F56}.Debug|x64.ActiveCfg = Debug|x64
		{9E677E50-529F-40A6-B654-2A738ED54F56}.Debug|x64.Build.0 = Debug|x64
		{9E677E50-529F-40A6-B654-2A738ED54F56}.Debug|x86.ActiveCfg = Debug|Win32
		{9E677E50-529F-40A6-B654-2A738ED54F56}.Debug|x86.Build.0 = Debug|Win32
		{9E677E50-529F-40A6-B654-2A738ED54F56}.Release|x64.ActiveCfg = Release|x64
		{9E677E50-529F-40A6-B654-2A738ED54F56}.Release|x64.Build.0 = Release|x64
		{9E677E50-529F-40A6-B654-2A738ED54F56}.Release|x86.ActiveCfg = Release|Win32
		{9E677E50-529F-40A6-B654-2A738ED54F56}.Release|x86.Build.0 = Release|Win32
		{4EB47128-DDC8-4259-B0A3-ADFB8E4BE2FC}.Debug|x64.ActiveCfg = Debug|x64
		{4EB47128-DDC8-4259-B0A3-ADFB8E4BE2FC}.Debug|x64.Build.0 = Debug|x64
		{4EB47128-DDC8-4259-B0A3-ADFB8E4BE2FC}.Debug|x86.ActiveCfg = Debug|Win32
		{4EB47128-DDC8-4259-B0A3-ADFB8E4BE2FC}.Debug|x86.Build.0 = Debug|Win32
		{4EB47128-DDC8-4259-B0A3-ADFB8E4BE2FC}.Release|x64.ActiveCfg = Release|x64
		{4EB47128-DDC8-4259-B0A3-ADFB8E4BE2FC}.Release|x64.Build.0 = Release|x64
		{4EB47128-DDC8-4259-B0A3-ADFB8E4BE2FC}.Release|x86.ActiveCfg = Release|Win32
		{4EB47128-DDC8-4259-B0A3-ADFB8E4BE2FC}.Release|x86.Build.0 = Release|Win32
		{269EC74A-F4A1-4103-BE85-FE8E34EAE8D9}.Debug|x64.ActiveCfg = Debug|x64
		{269EC74A-F4A1-4103-BE85-FE8E34EAE8D9}.Debug|x64.Build.0 = Debug|x64
		{269EC74A-F4A1-4103-BE85-FE8E34EAE8D9}.Debug|x86.ActiveCfg = Debug|Win32
		{269EC74A-F4A1-4103-BE85-FE8E34EAE8D9}.Debug|x86.Build.0 = Debug|Win32
		{269EC74A-F4A1-4103-BE85-FE8E34EAE8D9}.Release|x64.ActiveCfg = Release|x64
		{269EC74A-F4A1-4103-BE85-FE8E34EAE8D9}.Release|x64.Build.0 = Release|x64
		{269EC74A-F4A1-4103-BE85-FE8E34EAE8D9}.Release|x86.ActiveCfg = Release|Win32
		{269EC74A-F4A1-4103-BE85-FE8E34EAE8D9}.Release|x86.Build.0 = Release|Win32
		{8A92F52D-D6AF-475E-BBF6-AEF098353D78}.Debug|x64.ActiveCfg = Debug|x64
		{8A92F52D-D6AF-475E-BBF6-AEF098353D78}.Debug|x64.Build.0 = Debug|x64
		{8A92F52D-D6AF-475E-BBF6-AEF098353D78}.Debug|x86.ActiveCfg = Debug|Win32
		{8A92F52D-D6AF-475E-BBF6-AEF098353D78}.Debug|x86.Build.0 = Debug|Win32
		{8A92F52D-D6AF-475E-BBF6-AEF098353D78}.Release|x64.ActiveCfg = Release|x64
		{8A92F52D-D6AF-475E-BBF6-AEF098353D78}.Release|x64.Build.0 = Release|x64
		{8A92F52D-D6AF-475E-BBF6-AEF098353D78}.Release|x86.ActiveCfg = Release|Win32
		{8A92F52D-D6AF-475E-BBF6-AEF098353D78}.Release|x86.Build.0 = Release|Win32
		{B200736D-CF39-48EF-8C76-8E51D3E484EA}.Debug|x64.ActiveCfg = Debug|x64
		{B200736D-CF39-48EF-8C76-8E51D3E484EA}.Debug|x64.Build.0 = Debug|x64
		{B200736D-CF39-48EF-8C76-8E51D3E484EA}.Debug|x86.ActiveCfg = Debug|Win32
		{B200736D-CF39-48EF-8C76-8E51D3E484EA}.Debug|x86.Build.0 = Debug|Win32
		{B200736D-CF39-48EF-8C76-8E51D3E484EA}.Release|x64.ActiveCfg = Release|x64
		{B200736D-CF39-48EF-8C76-8E51D3E484EA}.Release|x64.Build.0 = Release|x64
		{B200736D-CF39-48EF-8C76-8E51D3E484EA}.Release|x86.ActiveCfg = Release|Win32
		{B200736D-CF39-48EF-8C76-8E51D3E484EA}.Release|x86.Build.0 = Release|Win32
		{14A108F7-17C2-44A4-BF52-C0F90DC5BCAB}.Debug|x64.ActiveCfg = Debug|x64
		{14A108F7-17C2-44A4-BF52-C0F90DC5BCAB}.Debug|x64.Build.0 = Debug|x64
		{14A108F7-17C2-44A4-BF52-C0F90DC5BCAB}.Debug|x86.ActiveCfg = Debug|Win32
		{14A108F7-17C2-44A4-BF52-C0F90DC5BCAB}.Debug|x86.Build.0 = Debug|Win32
		{14A108F7-17C2-44A4-BF52-C0F90DC5BCAB}.Release|x64.ActiveCfg = Release|x64
		{14A108F7-17C2-44A4-BF52-C0F90DC5BCAB}.Release|x64.Build.0 = Release|x64
		{14A108F7-17C2-44A4-BF52-C0F90DC5BCAB}.Release|x86.ActiveCfg = Release|Win32
		{14A108F7-17C2-44A4-BF52-C0F90DC5BCAB}.Release|x86.Build.0 = Release|Win32
		{4A5EDECC-C61E-488B-B7B1-0D3F8300D547}.Debug|x64.ActiveCfg = Debug|x64
		{4A5EDECC-C61E-488B-B7B1-0D3F8300D547}.Debug|x64.Build.0 = Debug|x64
		{4A5EDECC-C61E-488B-B7B1-0D3F8300D547}.Debug|x86.ActiveCfg = Debug|Win32
		{4A5EDECC-C61E-488B-B7B1-0D3F8300D547}.Debug|x86.Build.0 = Debug|Win32
		{4A5EDECC-C61E-488B-B7B1-0D3F8300D547}.Release|x64.ActiveCfg = Release|x64
		{4A5EDECC-C61E-488B-B7B1-0D3F8300D547}.Release|x64.Build.0 = Release|x64
		{4A5EDECC-C61E-488B-B7B1-0D3F8300D547}.Release|x86.ActiveCfg = Release|Win32
		{4A5EDECC-C61E-488B-B7B1-0D3F8300D547}.Release|x86.Build.0 = Release|Win32
		{118012CE-CDD3-4A9F-AA5F-C66A077D1721}.Debug|x64.ActiveCfg = Debug|x64
		{118012CE-CDD3-4A9F-AA5F-C66A077D1721}.Debug|x64.Build.0 = Debug|x64
		{118012CE-CDD3-4A9F-AA5F-C66A077D1721}.Debug|x86.ActiveCfg = Debug|Win32
		{118012CE-CDD3-4A9F-AA5F-C66A077D1721}.Debug|x86.Build.0 = Debug|Win32
		{118012CE-CDD3-4A9F-AA5F-C66A077D1721}.Release|x64.ActiveCfg = Release|x64
		{118012CE-CDD3-4A9F-AA5F-C66A077D1721}.Release|x64.Build.0 = Release|x64
		{118012CE-CDD3-4A9F-AA5F-C66A077D1721}.Release|x86.ActiveCfg = Release|Win32
		{118012CE-CDD3-4A9F-AA5F-C66A077D1721}.Release|x86.Build.0 = Release|Win32
		{B01E7E7A-9578-495B-9EF1-44DC8975E674}.Debug|x64.ActiveCfg = Debug|x64
		{B01E7E7A-9578-495B-9EF1-44DC8975E674}.Debug|x64.Build.0 = Debug|x64
		{B01E7E7A-9578-495B-9EF1-44DC8975E674}.Debug|x86.ActiveCfg = Debug|Win32
		{B01E7E7A-9578-495B-9EF1-44DC8975E674}.Debug|x86.Build.0 = Debug|Win32
		{B01E7E7A-9578-495B-9EF1-44DC8975E674}.Release|x64.ActiveCfg = Release|x64
		{B01E7E7A-9578-495B-9EF1-44DC8975E674}.Release|x64.Build.0 = Release|x64
		{B01E7E7A-9578-495B-9EF1-44DC8975E674}.Release|x86.ActiveCfg = Release|Win32
		{B01E7E7A-9578-495B-9EF1-44DC8975E674}.Release|x86.Build.0 = Release|Win32
		{3FBAE6CF-0216-494E-ACD2-60F2D7DC30A9}.Debug|x64.ActiveCfg = Debug|x64
		{3FBAE6CF-0216-494E-ACD2-60F2D7DC30A9}.Debug|x64.Build.0 = Debug|x64
		{3FBAE6CF-0216-494E-ACD2-60F2D7DC30A9}.Debug|x86.ActiveCfg = Debug|Win32
		{3FBAE6CF-0216-494E-ACD2-60F2D7DC30A9}.Debug|x86.Build.0 = Debug|Win32
		{3FBAE6CF-0216-494E-ACD2-60F2D7DC30A9}.Release|x64.ActiveCfg = Release|x64
		{3FBAE6CF-0216-494E-ACD2-60F2D7DC30A9}.Release|x64.Build.0 = Release|x64
		{3FBAE6CF-0216-494E-ACD2-60F2D7DC30A9}.Release|x86.ActiveCfg = Release|Win32
		{3FBAE6CF-0216-494E-ACD2-60F2D7DC30A9}.Release|x86.Build.0 = Release|Win32
	EndGlobalSection
	GlobalSection(SolutionProperties) = preSolution
		HideSolutionNode = FALSE
	EndGlobalSection
	GlobalSection(ExtensibilityGlobals) = postSolution
		SolutionGuid = {CAB079D2-C089-483D-8B9D-28AE59446CAF}
	EndGlobalSection
EndGlobal
